
Microsoft Visual Studio Solution File, Format Version 12.00
# Visual Studio 15
VisualStudioVersion = 15.0.28307.489
MinimumVisualStudioVersion = 10.0.40219.1
Project("{8BC9CEB8-8B4A-11D0-8D11-00A0C91BC942}") = "Project5", "Project5\Project5.vcxproj", "{D5C2CC0B-7BBE-4F40-9CBF-759D1150F08E}"
EndProject
Global
	GlobalSection(SolutionConfigurationPlatforms) = preSolution
		Debug|x64 = Debug|x64
		Debug|x86 = Debug|x86
		Release|x64 = Release|x64
		Release|x86 = Release|x86
	EndGlobalSection
	GlobalSection(ProjectConfigurationPlatforms) = postSolution
		{D5C2CC0B-7BBE-4F40-9CBF-759D1150F08E}.Debug|x64.ActiveCfg = Debug|x64
		{D5C2CC0B-7BBE-4F40-9CBF-759D1150F08E}.Debug|x64.Build.0 = Debug|x64
		{D5C2CC0B-7BBE-4F40-9CBF-759D1150F08E}.Debug|x86.ActiveCfg = Debug|Win32
		{D5C2CC0B-7BBE-4F40-9CBF-759D1150F08E}.Debug|x86.Build.0 = Debug|Win32
		{D5C2CC0B-7BBE-4F40-9CBF-759D1150F08E}.Release|x64.ActiveCfg = Release|x64
		{D5C2CC0B-7BBE-4F40-9CBF-759D1150F08E}.Release|x64.Build.0 = Release|x64
		{D5C2CC0B-7BBE-4F40-9CBF-759D1150F08E}.Release|x86.ActiveCfg = Release|Win32
		{D5C2CC0B-7BBE-4F40-9CBF-759D1150F08E}.Release|x86.Build.0 = Release|Win32
	EndGlobalSection
	GlobalSection(SolutionProperties) = preSolution
		HideSolutionNode = FALSE
	EndGlobalSection
	GlobalSection(ExtensibilityGlobals) = postSolution
		SolutionGuid = {E4615F12-91DF-498A-A8D9-29B6D787EA4E}
	EndGlobalSection
EndGlobal
